// !$*UTF8*$!
{
	archiveVersion = 1;
	classes = {
	};
	objectVersion = 56;
	objects = {

/* Begin PBXBuildFile section */
		117F9CA92AD7CA2700B2A174 /* AppDelegate.swift in Sources */ = {isa = PBXBuildFile; fileRef = 117F9CA82AD7CA2700B2A174 /* AppDelegate.swift */; };
		117F9CAB2AD7CA2700B2A174 /* SceneDelegate.swift in Sources */ = {isa = PBXBuildFile; fileRef = 117F9CAA2AD7CA2700B2A174 /* SceneDelegate.swift */; };
		117F9CB02AD7CA2700B2A174 /* Main.storyboard in Resources */ = {isa = PBXBuildFile; fileRef = 117F9CAE2AD7CA2700B2A174 /* Main.storyboard */; };
		117F9CB22AD7CA2800B2A174 /* Assets.xcassets in Resources */ = {isa = PBXBuildFile; fileRef = 117F9CB12AD7CA2800B2A174 /* Assets.xcassets */; };
		117F9CB52AD7CA2800B2A174 /* LaunchScreen.storyboard in Resources */ = {isa = PBXBuildFile; fileRef = 117F9CB32AD7CA2800B2A174 /* LaunchScreen.storyboard */; };
		117F9CBD2AD7E0F600B2A174 /* Question.swift in Sources */ = {isa = PBXBuildFile; fileRef = 117F9CBC2AD7E0F600B2A174 /* Question.swift */; };
		1198B67E2B67E24B004AD103 /* QuestionViewController.swift in Sources */ = {isa = PBXBuildFile; fileRef = 1198B67D2B67E24B004AD103 /* QuestionViewController.swift */; };
		1198B6802B67E259004AD103 /* ResultViewController.swift in Sources */ = {isa = PBXBuildFile; fileRef = 1198B67F2B67E259004AD103 /* ResultViewController.swift */; };
/* End PBXBuildFile section */

/* Begin PBXFileReference section */
		117F9CA52AD7CA2700B2A174 /* PersonalQuizApp.app */ = {isa = PBXFileReference; explicitFileType = wrapper.application; includeInIndex = 0; path = PersonalQuizApp.app; sourceTree = BUILT_PRODUCTS_DIR; };
		117F9CA82AD7CA2700B2A174 /* AppDelegate.swift */ = {isa = PBXFileReference; lastKnownFileType = sourcecode.swift; path = AppDelegate.swift; sourceTree = "<group>"; };
		117F9CAA2AD7CA2700B2A174 /* SceneDelegate.swift */ = {isa = PBXFileReference; lastKnownFileType = sourcecode.swift; path = SceneDelegate.swift; sourceTree = "<group>"; };
		117F9CAF2AD7CA2700B2A174 /* Base */ = {isa = PBXFileReference; lastKnownFileType = file.storyboard; name = Base; path = Base.lproj/Main.storyboard; sourceTree = "<group>"; };
		117F9CB12AD7CA2800B2A174 /* Assets.xcassets */ = {isa = PBXFileReference; lastKnownFileType = folder.assetcatalog; path = Assets.xcassets; sourceTree = "<group>"; };
		117F9CB42AD7CA2800B2A174 /* Base */ = {isa = PBXFileReference; lastKnownFileType = file.storyboard; name = Base; path = Base.lproj/LaunchScreen.storyboard; sourceTree = "<group>"; };
		117F9CB62AD7CA2800B2A174 /* Info.plist */ = {isa = PBXFileReference; lastKnownFileType = text.plist.xml; path = Info.plist; sourceTree = "<group>"; };
		117F9CBC2AD7E0F600B2A174 /* Question.swift */ = {isa = PBXFileReference; lastKnownFileType = sourcecode.swift; path = Question.swift; sourceTree = "<group>"; };
		1198B67D2B67E24B004AD103 /* QuestionViewController.swift */ = {isa = PBXFileReference; lastKnownFileType = sourcecode.swift; path = QuestionViewController.swift; sourceTree = "<group>"; };
		1198B67F2B67E259004AD103 /* ResultViewController.swift */ = {isa = PBXFileReference; lastKnownFileType = sourcecode.swift; path = ResultViewController.swift; sourceTree = "<group>"; };
/* End PBXFileReference section */

/* Begin PBXFrameworksBuildPhase section */
		117F9CA22AD7CA2700B2A174 /* Frameworks */ = {
			isa = PBXFrameworksBuildPhase;
			buildActionMask = 2147483647;
			files = (
			);
			runOnlyForDeploymentPostprocessing = 0;
		};
/* End PBXFrameworksBuildPhase section */

/* Begin PBXGroup section */
		117F9C9C2AD7CA2700B2A174 = {
			isa = PBXGroup;
			children = (
				117F9CA72AD7CA2700B2A174 /* PersonalQuizApp */,
				117F9CA62AD7CA2700B2A174 /* Products */,
			);
			sourceTree = "<group>";
		};
		117F9CA62AD7CA2700B2A174 /* Products */ = {
			isa = PBXGroup;
			children = (
				117F9CA52AD7CA2700B2A174 /* PersonalQuizApp.app */,
			);
			name = Products;
			sourceTree = "<group>";
		};
		117F9CA72AD7CA2700B2A174 /* PersonalQuizApp */ = {
			isa = PBXGroup;
			children = (
				1198B6782B67E12C004AD103 /* ViewControllers */,
				1198B67B2B67E192004AD103 /* SupportingFiles */,
				1198B6792B67E142004AD103 /* Models */,
				1198B67A2B67E164004AD103 /* Storyboards */,
				1198B67C2B67E1A1004AD103 /* Resources */,
			);
			path = PersonalQuizApp;
			sourceTree = "<group>";
		};
		1198B6782B67E12C004AD103 /* ViewControllers */ = {
			isa = PBXGroup;
			children = (
				1198B67D2B67E24B004AD103 /* QuestionViewController.swift */,
				1198B67F2B67E259004AD103 /* ResultViewController.swift */,
			);
			path = ViewControllers;
			sourceTree = "<group>";
		};
		1198B6792B67E142004AD103 /* Models */ = {
			isa = PBXGroup;
			children = (
				117F9CBC2AD7E0F600B2A174 /* Question.swift */,
			);
			path = Models;
			sourceTree = "<group>";
		};
		1198B67A2B67E164004AD103 /* Storyboards */ = {
			isa = PBXGroup;
			children = (
				117F9CAE2AD7CA2700B2A174 /* Main.storyboard */,
				117F9CB32AD7CA2800B2A174 /* LaunchScreen.storyboard */,
			);
			path = Storyboards;
			sourceTree = "<group>";
		};
		1198B67B2B67E192004AD103 /* SupportingFiles */ = {
			isa = PBXGroup;
			children = (
				117F9CA82AD7CA2700B2A174 /* AppDelegate.swift */,
				117F9CAA2AD7CA2700B2A174 /* SceneDelegate.swift */,
				117F9CB62AD7CA2800B2A174 /* Info.plist */,
			);
			path = SupportingFiles;
			sourceTree = "<group>";
		};
		1198B67C2B67E1A1004AD103 /* Resources */ = {
			isa = PBXGroup;
			children = (
				117F9CB12AD7CA2800B2A174 /* Assets.xcassets */,
			);
			path = Resources;
			sourceTree = "<group>";
		};
/* End PBXGroup section */

/* Begin PBXNativeTarget section */
		117F9CA42AD7CA2700B2A174 /* PersonalQuizApp */ = {
			isa = PBXNativeTarget;
			buildConfigurationList = 117F9CB92AD7CA2800B2A174 /* Build configuration list for PBXNativeTarget "PersonalQuizApp" */;
			buildPhases = (
				117F9CA12AD7CA2700B2A174 /* Sources */,
				117F9CA22AD7CA2700B2A174 /* Frameworks */,
				117F9CA32AD7CA2700B2A174 /* Resources */,
			);
			buildRules = (
			);
			dependencies = (
			);
			name = PersonalQuizApp;
			productName = PersonalQuizApp;
			productReference = 117F9CA52AD7CA2700B2A174 /* PersonalQuizApp.app */;
			productType = "com.apple.product-type.application";
		};
/* End PBXNativeTarget section */

/* Begin PBXProject section */
		117F9C9D2AD7CA2700B2A174 /* Project object */ = {
			isa = PBXProject;
			attributes = {
				BuildIndependentTargetsInParallel = 1;
				LastSwiftUpdateCheck = 1430;
				LastUpgradeCheck = 1430;
				TargetAttributes = {
					117F9CA42AD7CA2700B2A174 = {
						CreatedOnToolsVersion = 14.3.1;
					};
				};
			};
			buildConfigurationList = 117F9CA02AD7CA2700B2A174 /* Build configuration list for PBXProject "PersonalQuizApp" */;
			compatibilityVersion = "Xcode 14.0";
			developmentRegion = en;
			hasScannedForEncodings = 0;
			knownRegions = (
				en,
				Base,
			);
			mainGroup = 117F9C9C2AD7CA2700B2A174;
			productRefGroup = 117F9CA62AD7CA2700B2A174 /* Products */;
			projectDirPath = "";
			projectRoot = "";
			targets = (
				117F9CA42AD7CA2700B2A174 /* PersonalQuizApp */,
			);
		};
/* End PBXProject section */

/* Begin PBXResourcesBuildPhase section */
		117F9CA32AD7CA2700B2A174 /* Resources */ = {
			isa = PBXResourcesBuildPhase;
			buildActionMask = 2147483647;
			files = (
				117F9CB52AD7CA2800B2A174 /* LaunchScreen.storyboard in Resources */,
				117F9CB22AD7CA2800B2A174 /* Assets.xcassets in Resources */,
				117F9CB02AD7CA2700B2A174 /* Main.storyboard in Resources */,
			);
			runOnlyForDeploymentPostprocessing = 0;
		};
/* End PBXResourcesBuildPhase section */

/* Begin PBXSourcesBuildPhase section */
		117F9CA12AD7CA2700B2A174 /* Sources */ = {
			isa = PBXSourcesBuildPhase;
			buildActionMask = 2147483647;
			files = (
				1198B67E2B67E24B004AD103 /* QuestionViewController.swift in Sources */,
				117F9CBD2AD7E0F600B2A174 /* Question.swift in Sources */,
				117F9CA92AD7CA2700B2A174 /* AppDelegate.swift in Sources */,
				117F9CAB2AD7CA2700B2A174 /* SceneDelegate.swift in Sources */,
				1198B6802B67E259004AD103 /* ResultViewController.swift in Sources */,
			);
			runOnlyForDeploymentPostprocessing = 0;
		};
/* End PBXSourcesBuildPhase section */

/* Begin PBXVariantGroup section */
		117F9CAE2AD7CA2700B2A174 /* Main.storyboard */ = {
			isa = PBXVariantGroup;
			children = (
				117F9CAF2AD7CA2700B2A174 /* Base */,
			);
			name = Main.storyboard;
			sourceTree = "<group>";
		};
		117F9CB32AD7CA2800B2A174 /* LaunchScreen.storyboard */ = {
			isa = PBXVariantGroup;
			children = (
				117F9CB42AD7CA2800B2A174 /* Base */,
			);
			name = LaunchScreen.storyboard;
			sourceTree = "<group>";
		};
/* End PBXVariantGroup section */

/* Begin XCBuildConfiguration section */
		117F9CB72AD7CA2800B2A174 /* Debug */ = {
			isa = XCBuildConfiguration;
			buildSettings = {
				ALWAYS_SEARCH_USER_PATHS = NO;
				CLANG_ANALYZER_NONNULL = YES;
				CLANG_ANALYZER_NUMBER_OBJECT_CONVERSION = YES_AGGRESSIVE;
				CLANG_CXX_LANGUAGE_STANDARD = "gnu++20";
				CLANG_ENABLE_MODULES = YES;
				CLANG_ENABLE_OBJC_ARC = YES;
				CLANG_ENABLE_OBJC_WEAK = YES;
				CLANG_WARN_BLOCK_CAPTURE_AUTORELEASING = YES;
				CLANG_WARN_BOOL_CONVERSION = YES;
				CLANG_WARN_COMMA = YES;
				CLANG_WARN_CONSTANT_CONVERSION = YES;
				CLANG_WARN_DEPRECATED_OBJC_IMPLEMENTATIONS = YES;
				CLANG_WARN_DIRECT_OBJC_ISA_USAGE = YES_ERROR;
				CLANG_WARN_DOCUMENTATION_COMMENTS = YES;
				CLANG_WARN_EMPTY_BODY = YES;
				CLANG_WARN_ENUM_CONVERSION = YES;
				CLANG_WARN_INFINITE_RECURSION = YES;
				CLANG_WARN_INT_CONVERSION = YES;
				CLANG_WARN_NON_LITERAL_NULL_CONVERSION = YES;
				CLANG_WARN_OBJC_IMPLICIT_RETAIN_SELF = YES;
				CLANG_WARN_OBJC_LITERAL_CONVERSION = YES;
				CLANG_WARN_OBJC_ROOT_CLASS = YES_ERROR;
				CLANG_WARN_QUOTED_INCLUDE_IN_FRAMEWORK_HEADER = YES;
				CLANG_WARN_RANGE_LOOP_ANALYSIS = YES;
				CLANG_WARN_STRICT_PROTOTYPES = YES;
				CLANG_WARN_SUSPICIOUS_MOVE = YES;
				CLANG_WARN_UNGUARDED_AVAILABILITY = YES_AGGRESSIVE;
				CLANG_WARN_UNREACHABLE_CODE = YES;
				CLANG_WARN__DUPLICATE_METHOD_MATCH = YES;
				COPY_PHASE_STRIP = NO;
				DEBUG_INFORMATION_FORMAT = dwarf;
				ENABLE_STRICT_OBJC_MSGSEND = YES;
				ENABLE_TESTABILITY = YES;
				GCC_C_LANGUAGE_STANDARD = gnu11;
				GCC_DYNAMIC_NO_PIC = NO;
				GCC_NO_COMMON_BLOCKS = YES;
				GCC_OPTIMIZATION_LEVEL = 0;
				GCC_PREPROCESSOR_DEFINITIONS = (
					"DEBUG=1",
					"$(inherited)",
				);
				GCC_WARN_64_TO_32_BIT_CONVERSION = YES;
				GCC_WARN_ABOUT_RETURN_TYPE = YES_ERROR;
				GCC_WARN_UNDECLARED_SELECTOR = YES;
				GCC_WARN_UNINITIALIZED_AUTOS = YES_AGGRESSIVE;
				GCC_WARN_UNUSED_FUNCTION = YES;
				GCC_WARN_UNUSED_VARIABLE = YES;
				IPHONEOS_DEPLOYMENT_TARGET = 16.4;
				MTL_ENABLE_DEBUG_INFO = INCLUDE_SOURCE;
				MTL_FAST_MATH = YES;
				ONLY_ACTIVE_ARCH = YES;
				SDKROOT = iphoneos;
				SWIFT_ACTIVE_COMPILATION_CONDITIONS = DEBUG;
				SWIFT_OPTIMIZATION_LEVEL = "-Onone";
			};
			name = Debug;
		};
		117F9CB82AD7CA2800B2A174 /* Release */ = {
			isa = XCBuildConfiguration;
			buildSettings = {
				ALWAYS_SEARCH_USER_PATHS = NO;
				CLANG_ANALYZER_NONNULL = YES;
				CLANG_ANALYZER_NUMBER_OBJECT_CONVERSION = YES_AGGRESSIVE;
				CLANG_CXX_LANGUAGE_STANDARD = "gnu++20";
				CLANG_ENABLE_MODULES = YES;
				CLANG_ENABLE_OBJC_ARC = YES;
				CLANG_ENABLE_OBJC_WEAK = YES;
				CLANG_WARN_BLOCK_CAPTURE_AUTORELEASING = YES;
				CLANG_WARN_BOOL_CONVERSION = YES;
				CLANG_WARN_COMMA = YES;
				CLANG_WARN_CONSTANT_CONVERSION = YES;
				CLANG_WARN_DEPRECATED_OBJC_IMPLEMENTATIONS = YES;
				CLANG_WARN_DIRECT_OBJC_ISA_USAGE = YES_ERROR;
				CLANG_WARN_DOCUMENTATION_COMMENTS = YES;
				CLANG_WARN_EMPTY_BODY = YES;
				CLANG_WARN_ENUM_CONVERSION = YES;
				CLANG_WARN_INFINITE_RECURSION = YES;
				CLANG_WARN_INT_CONVERSION = YES;
				CLANG_WARN_NON_LITERAL_NULL_CONVERSION = YES;
				CLANG_WARN_OBJC_IMPLICIT_RETAIN_SELF = YES;
				CLANG_WARN_OBJC_LITERAL_CONVERSION = YES;
				CLANG_WARN_OBJC_ROOT_CLASS = YES_ERROR;
				CLANG_WARN_QUOTED_INCLUDE_IN_FRAMEWORK_HEADER = YES;
				CLANG_WARN_RANGE_LOOP_ANALYSIS = YES;
				CLANG_WARN_STRICT_PROTOTYPES = YES;
				CLANG_WARN_SUSPICIOUS_MOVE = YES;
				CLANG_WARN_UNGUARDED_AVAILABILITY = YES_AGGRESSIVE;
				CLANG_WARN_UNREACHABLE_CODE = YES;
				CLANG_WARN__DUPLICATE_METHOD_MATCH = YES;
				COPY_PHASE_STRIP = NO;
				DEBUG_INFORMATION_FORMAT = "dwarf-with-dsym";
				ENABLE_NS_ASSERTIONS = NO;
				ENABLE_STRICT_OBJC_MSGSEND = YES;
				GCC_C_LANGUAGE_STANDARD = gnu11;
				GCC_NO_COMMON_BLOCKS = YES;
				GCC_WARN_64_TO_32_BIT_CONVERSION = YES;
				GCC_WARN_ABOUT_RETURN_TYPE = YES_ERROR;
				GCC_WARN_UNDECLARED_SELECTOR = YES;
				GCC_WARN_UNINITIALIZED_AUTOS = YES_AGGRESSIVE;
				GCC_WARN_UNUSED_FUNCTION = YES;
				GCC_WARN_UNUSED_VARIABLE = YES;
				IPHONEOS_DEPLOYMENT_TARGET = 16.4;
				MTL_ENABLE_DEBUG_INFO = NO;
				MTL_FAST_MATH = YES;
				SDKROOT = iphoneos;
				SWIFT_COMPILATION_MODE = wholemodule;
				SWIFT_OPTIMIZATION_LEVEL = "-O";
				VALIDATE_PRODUCT = YES;
			};
			name = Release;
		};
		117F9CBA2AD7CA2800B2A174 /* Debug */ = {
			isa = XCBuildConfiguration;
			buildSettings = {
				ASSETCATALOG_COMPILER_APPICON_NAME = AppIcon;
				ASSETCATALOG_COMPILER_GLOBAL_ACCENT_COLOR_NAME = AccentColor;
				CODE_SIGN_STYLE = Automatic;
				CURRENT_PROJECT_VERSION = 1;
				DEVELOPMENT_TEAM = XYDNW9XVU2;
				GENERATE_INFOPLIST_FILE = YES;
				INFOPLIST_FILE = PersonalQuizApp/SupportingFiles/Info.plist;
				INFOPLIST_KEY_UIApplicationSupportsIndirectInputEvents = YES;
				INFOPLIST_KEY_UILaunchStoryboardName = LaunchScreen;
				INFOPLIST_KEY_UIMainStoryboardFile = Main;
				INFOPLIST_KEY_UISupportedInterfaceOrientations_iPad = "UIInterfaceOrientationPortrait UIInterfaceOrientationPortraitUpsideDown UIInterfaceOrientationLandscapeLeft UIInterfaceOrientationLandscapeRight";
				INFOPLIST_KEY_UISupportedInterfaceOrientations_iPhone = "UIInterfaceOrientationPortrait UIInterfaceOrientationLandscapeLeft UIInterfaceOrientationLandscapeRight";
				LD_RUNPATH_SEARCH_PATHS = (
					"$(inherited)",
					"@executable_path/Frameworks",
				);
				MARKETING_VERSION = 1.0;
				PRODUCT_BUNDLE_IDENTIFIER = fun.swiftpractice.PersonalQuizApp;
				PRODUCT_NAME = "$(TARGET_NAME)";
				SUPPORTED_PLATFORMS = "iphoneos iphonesimulator";
				SUPPORTS_MACCATALYST = NO;
				SUPPORTS_MAC_DESIGNED_FOR_IPHONE_IPAD = NO;
				SWIFT_EMIT_LOC_STRINGS = YES;
				SWIFT_VERSION = 5.0;
				TARGETED_DEVICE_FAMILY = 1;
			};
			name = Debug;
		};
		117F9CBB2AD7CA2800B2A174 /* Release */ = {
			isa = XCBuildConfiguration;
			buildSettings = {
				ASSETCATALOG_COMPILER_APPICON_NAME = AppIcon;
				ASSETCATALOG_COMPILER_GLOBAL_ACCENT_COLOR_NAME = AccentColor;
				CODE_SIGN_STYLE = Automatic;
				CURRENT_PROJECT_VERSION = 1;
				DEVELOPMENT_TEAM = XYDNW9XVU2;
				GENERATE_INFOPLIST_FILE = YES;
				INFOPLIST_FILE = PersonalQuizApp/SupportingFiles/Info.plist;
				INFOPLIST_KEY_UIApplicationSupportsIndirectInputEvents = YES;
				INFOPLIST_KEY_UILaunchStoryboardName = LaunchScreen;
				INFOPLIST_KEY_UIMainStoryboardFile = Main;
				INFOPLIST_KEY_UISupportedInterfaceOrientations_iPad = "UIInterfaceOrientationPortrait UIInterfaceOrientationPortraitUpsideDown UIInterfaceOrientationLandscapeLeft UIInterfaceOrientationLandscapeRight";
				INFOPLIST_KEY_UISupportedInterfaceOrientations_iPhone = "UIInterfaceOrientationPortrait UIInterfaceOrientationLandscapeLeft UIInterfaceOrientationLandscapeRight";
				LD_RUNPATH_SEARCH_PATHS = (
					"$(inherited)",
					"@executable_path/Frameworks",
				);
				MARKETING_VERSION = 1.0;
				PRODUCT_BUNDLE_IDENTIFIER = fun.swiftpractice.PersonalQuizApp;
				PRODUCT_NAME = "$(TARGET_NAME)";
				SUPPORTED_PLATFORMS = "iphoneos iphonesimulator";
				SUPPORTS_MACCATALYST = NO;
				SUPPORTS_MAC_DESIGNED_FOR_IPHONE_IPAD = NO;
				SWIFT_EMIT_LOC_STRINGS = YES;
				SWIFT_VERSION = 5.0;
				TARGETED_DEVICE_FAMILY = 1;
			};
			name = Release;
		};
/* End XCBuildConfiguration section */

/* Begin XCConfigurationList section */
		117F9CA02AD7CA2700B2A174 /* Build configuration list for PBXProject "PersonalQuizApp" */ = {
			isa = XCConfigurationList;
			buildConfigurations = (
				117F9CB72AD7CA2800B2A174 /* Debug */,
				117F9CB82AD7CA2800B2A174 /* Release */,
			);
			defaultConfigurationIsVisible = 0;
			defaultConfigurationName = Release;
		};
		117F9CB92AD7CA2800B2A174 /* Build configuration list for PBXNativeTarget "PersonalQuizApp" */ = {
			isa = XCConfigurationList;
			buildConfigurations = (
				117F9CBA2AD7CA2800B2A174 /* Debug */,
				117F9CBB2AD7CA2800B2A174 /* Release */,
			);
			defaultConfigurationIsVisible = 0;
			defaultConfigurationName = Release;
		};
/* End XCConfigurationList section */
	};
	rootObject = 117F9C9D2AD7CA2700B2A174 /* Project object */;
}
